
Microsoft Visual Studio Solution File, Format Version 12.00
# Visual Studio Version 16
VisualStudioVersion = 16.0.29911.98
MinimumVisualStudioVersion = 10.0.40219.1
Project("{FAE04EC0-301F-11D3-BF4B-00C04F79EFBC}") = "MyClass", "MyClass\MyClass.csproj", "{DA69A9CD-B618-4D7B-A5B1-838075078BED}"
EndProject
Global
	GlobalSection(SolutionConfigurationPlatforms) = preSolution
		Debug|Any CPU = Debug|Any CPU
		Release|Any CPU = Release|Any CPU
	EndGlobalSection
	GlobalSection(ProjectConfigurationPlatforms) = postSolution
		{DA69A9CD-B618-4D7B-A5B1-838075078BED}.Debug|Any CPU.ActiveCfg = Debug|Any CPU
		{DA69A9CD-B618-4D7B-A5B1-838075078BED}.Debug|Any CPU.Build.0 = Debug|Any CPU
		{DA69A9CD-B618-4D7B-A5B1-838075078BED}.Release|Any CPU.ActiveCfg = Release|Any CPU
		{DA69A9CD-B618-4D7B-A5B1-838075078BED}.Release|Any CPU.Build.0 = Release|Any CPU
	EndGlobalSection
	GlobalSection(SolutionProperties) = preSolution
		HideSolutionNode = FALSE
	EndGlobalSection
	GlobalSection(ExtensibilityGlobals) = postSolution
		SolutionGuid = {3DAE11EE-5615-460A-870D-F8A88809EC8F}
	EndGlobalSection
EndGlobal
